
Microsoft Visual Studio Solution File, Format Version 12.00
# Visual Studio Version 16
VisualStudioVersion = 16.0.31729.503
MinimumVisualStudioVersion = 10.0.40219.1
Project("{FAE04EC0-301F-11D3-BF4B-00C04F79EFBC}") = "ConsoleApp1", "ConsoleApp1.csproj", "{1FE6759F-02EE-438C-9B33-F45FF1C2D27E}"
EndProject
Global
	GlobalSection(SolutionConfigurationPlatforms) = preSolution
		Debug|Any CPU = Debug|Any CPU
		Release|Any CPU = Release|Any CPU
	EndGlobalSection
	GlobalSection(ProjectConfigurationPlatforms) = postSolution
		{1FE6759F-02EE-438C-9B33-F45FF1C2D27E}.Debug|Any CPU.ActiveCfg = Debug|Any CPU
		{1FE6759F-02EE-438C-9B33-F45FF1C2D27E}.Debug|Any CPU.Build.0 = Debug|Any CPU
		{1FE6759F-02EE-438C-9B33-F45FF1C2D27E}.Release|Any CPU.ActiveCfg = Release|Any CPU
		{1FE6759F-02EE-438C-9B33-F45FF1C2D27E}.Release|Any CPU.Build.0 = Release|Any CPU
	EndGlobalSection
	GlobalSection(SolutionProperties) = preSolution
		HideSolutionNode = FALSE
	EndGlobalSection
	GlobalSection(ExtensibilityGlobals) = postSolution
		SolutionGuid = {9AB11B6E-86FF-4E56-B00C-7102B7FBA85E}
	EndGlobalSection
EndGlobal
